
Microsoft Visual Studio Solution File, Format Version 12.00
# Visual Studio Version 16
VisualStudioVersion = 16.0.30621.155
MinimumVisualStudioVersion = 10.0.40219.1
Project("{9A19103F-16F7-4668-BE54-9A1E7A4F7556}") = "Kontrollstrukturen", "Kontrollstrukturen\Kontrollstrukturen.csproj", "{9785E0F3-2EE1-43C1-958F-5477D55D55E9}"
EndProject
Project("{9A19103F-16F7-4668-BE54-9A1E7A4F7556}") = "Datentypen", "Datentypen\Datentypen.csproj", "{1EAA7AA0-1F2E-4D56-8323-0D3349E4AEA3}"
EndProject
Global
	GlobalSection(SolutionConfigurationPlatforms) = preSolution
		Debug|Any CPU = Debug|Any CPU
		Release|Any CPU = Release|Any CPU
	EndGlobalSection
	GlobalSection(ProjectConfigurationPlatforms) = postSolution
		{9785E0F3-2EE1-43C1-958F-5477D55D55E9}.Debug|Any CPU.ActiveCfg = Debug|Any CPU
		{9785E0F3-2EE1-43C1-958F-5477D55D55E9}.Debug|Any CPU.Build.0 = Debug|Any CPU
		{9785E0F3-2EE1-43C1-958F-5477D55D55E9}.Release|Any CPU.ActiveCfg = Release|Any CPU
		{9785E0F3-2EE1-43C1-958F-5477D55D55E9}.Release|Any CPU.Build.0 = Release|Any CPU
		{1EAA7AA0-1F2E-4D56-8323-0D3349E4AEA3}.Debug|Any CPU.ActiveCfg = Debug|Any CPU
		{1EAA7AA0-1F2E-4D56-8323-0D3349E4AEA3}.Debug|Any CPU.Build.0 = Debug|Any CPU
		{1EAA7AA0-1F2E-4D56-8323-0D3349E4AEA3}.Release|Any CPU.ActiveCfg = Release|Any CPU
		{1EAA7AA0-1F2E-4D56-8323-0D3349E4AEA3}.Release|Any CPU.Build.0 = Release|Any CPU
	EndGlobalSection
	GlobalSection(SolutionProperties) = preSolution
		HideSolutionNode = FALSE
	EndGlobalSection
	GlobalSection(ExtensibilityGlobals) = postSolution
		SolutionGuid = {EDDF1537-A83B-4119-8A4F-9DF423A3D8D9}
	EndGlobalSection
EndGlobal
