
Microsoft Visual Studio Solution File, Format Version 12.00
# Visual Studio Version 16
VisualStudioVersion = 16.0.30621.155
MinimumVisualStudioVersion = 10.0.40219.1
Project("{FAE04EC0-301F-11D3-BF4B-00C04F79EFBC}") = "GitTest", "GitTest\GitTest.csproj", "{EB82750B-52EC-4980-BB6A-076A171B4FAC}"
EndProject
Global
	GlobalSection(SolutionConfigurationPlatforms) = preSolution
		Debug|Any CPU = Debug|Any CPU
		Release|Any CPU = Release|Any CPU
	EndGlobalSection
	GlobalSection(ProjectConfigurationPlatforms) = postSolution
		{EB82750B-52EC-4980-BB6A-076A171B4FAC}.Debug|Any CPU.ActiveCfg = Debug|Any CPU
		{EB82750B-52EC-4980-BB6A-076A171B4FAC}.Debug|Any CPU.Build.0 = Debug|Any CPU
		{EB82750B-52EC-4980-BB6A-076A171B4FAC}.Release|Any CPU.ActiveCfg = Release|Any CPU
		{EB82750B-52EC-4980-BB6A-076A171B4FAC}.Release|Any CPU.Build.0 = Release|Any CPU
	EndGlobalSection
	GlobalSection(SolutionProperties) = preSolution
		HideSolutionNode = FALSE
	EndGlobalSection
	GlobalSection(ExtensibilityGlobals) = postSolution
		SolutionGuid = {57BCF12A-1364-49C7-A4B3-068C55AE1CC1}
	EndGlobalSection
EndGlobal
